{
  "version": "5",
  "redirects": {
    "https://esm.sh/iceberg-js@^0.8.1?target=denonext": "https://esm.sh/iceberg-js@0.8.1?target=denonext"
  },
  "remote": {
    "https://esm.sh/@supabase/auth-js@2.117.2/denonext/auth-js.mjs": "253256b86063e9102289a3197ac40c2b730a125520131c51e72b633f5b77fb7a",
    "https://esm.sh/@supabase/functions-js@2.117.2/denonext/functions-js.mjs": "8d27ad6d10f820db019e6bffc32d4fd034e53e0882718c7204ad79389dfa2c45",
    "https://esm.sh/@supabase/phoenix@0.4.5/denonext/phoenix.mjs": "40bd2a70829cd847848baac58e635bacd83fd62188f6624b44e2c295341004eb",
    "https://esm.sh/@supabase/postgrest-js@2.117.2/denonext/postgrest-js.mjs": "9b88fe6f180d780337a7c2f9b402db405e83906999c438ae96ab78059b6e3a76",
    "https://esm.sh/@supabase/realtime-js@2.117.2/denonext/realtime-js.mjs": "406d3a9d81c5515c8012d8e8d61016e89fb0bc4f0e9c6a878f33a18301db7ee4",
    "https://esm.sh/@supabase/storage-js@2.117.2/denonext/storage-js.mjs": "5cfab4c2abec47857bceba30ad813bfdb5e1143f135d08935fcd22c316d8452d",
    "https://esm.sh/@supabase/supabase-js@2.117.2": "6da4477d96ad4392b5a8be8f423384a3812cdd651df483e433ba422a69ff879b",
    "https://esm.sh/@supabase/supabase-js@2.117.2/denonext/dist/tracingRegistry.mjs": "0d16c73c8079741b82ea60a06cb115c611f1338ea4b8b920b98e29d196aa115d",
    "https://esm.sh/@supabase/supabase-js@2.117.2/denonext/supabase-js.mjs": "ff543f039fa457be4ce1f599507c045c2a6b07f7f73477c7c75c013533731770",
    "https://esm.sh/iceberg-js@0.8.1/denonext/iceberg-js.mjs": "d839d81a2e3966500ca2cdd0c1cb458e9608bacfc91f7bb67a69b2e878dcdb4f",
    "https://esm.sh/iceberg-js@0.8.1?target=denonext": "58c849d7fe2bf4eca4a84eb501e83c161a7d8c34ca1bec15a962b3bec3062633",
    "https://esm.sh/tslib@2.8.1/denonext/tslib.mjs": "c38da5dd6da6281964435002ce204cd586634fe3bdfb24a0ee116f48cf3292e9"
  },
  "workspace": {
    "packageJson": {
      "dependencies": [
        "npm:@e965/xlsx@~0.20.3",
        "npm:@eslint/js@^10.0.1",
        "npm:@sentry/react@11",
        "npm:@size-limit/file@^14.0.1",
        "npm:@supabase/supabase-js@^2.117.2",
        "npm:@tailwindcss/vite@^4.3.3",
        "npm:@tanstack/react-query@^5.103.2",
        "npm:@testing-library/dom@^10.4.2",
        "npm:@testing-library/react@^16.3.3",
        "npm:@testing-library/user-event@^14.6.7",
        "npm:@types/node@^26.6.2",
        "npm:@types/react-dom@^19.3.0",
        "npm:@types/react@^19.3.0",
        "npm:@vitejs/plugin-react@^6.1.1",
        "npm:clsx@^2.1.1",
        "npm:eslint-plugin-react-hooks@^7.0.1",
        "npm:eslint-plugin-react-refresh@~0.5.7",
        "npm:eslint@^10.11.0",
        "npm:globals@^17.12.0",
        "npm:jsdom@^30.1.1",
        "npm:lucide-react@^1.48.0",
        "npm:pdfjs-dist@^6.3.289",
        "npm:playwright@^1.63.0",
        "npm:posthog-js@^1.434.14",
        "npm:qrcode.react@^4.2.0",
        "npm:react-dom@^19.3.0",
        "npm:react-router-dom@^7.18.4",
        "npm:react@^19.3.0",
        "npm:size-limit@^14.0.1",
        "npm:tailwind-merge@^3.7.0",
        "npm:tailwindcss@^4.2.2",
        "npm:typescript-eslint@^8.70.1",
        "npm:typescript@~6.0.2",
        "npm:vite@^8.3.1",
        "npm:vitest@^5.0.2",
        "npm:wrangler@4.144.0",
        "npm:zod@^4.6.5"
      ]
    }
  }
}
